
Microsoft Visual Studio Solution File, Format Version 12.00
# Visual Studio Version 17
VisualStudioVersion = 17.6.33829.357
MinimumVisualStudioVersion = 10.0.40219.1
Project("{FAE04EC0-301F-11D3-BF4B-00C04F79EFBC}") = "Forca_CSharp", "Forca_CSharp\Forca_CSharp.csproj", "{24D57C18-4BA3-46C4-BFDC-4841D3F49015}"
EndProject
Global
	GlobalSection(SolutionConfigurationPlatforms) = preSolution
		Debug|Any CPU = Debug|Any CPU
		Release|Any CPU = Release|Any CPU
	EndGlobalSection
	GlobalSection(ProjectConfigurationPlatforms) = postSolution
		{24D57C18-4BA3-46C4-BFDC-4841D3F49015}.Debug|Any CPU.ActiveCfg = Debug|Any CPU
		{24D57C18-4BA3-46C4-BFDC-4841D3F49015}.Debug|Any CPU.Build.0 = Debug|Any CPU
		{24D57C18-4BA3-46C4-BFDC-4841D3F49015}.Release|Any CPU.ActiveCfg = Release|Any CPU
		{24D57C18-4BA3-46C4-BFDC-4841D3F49015}.Release|Any CPU.Build.0 = Release|Any CPU
	EndGlobalSection
	GlobalSection(SolutionProperties) = preSolution
		HideSolutionNode = FALSE
	EndGlobalSection
	GlobalSection(ExtensibilityGlobals) = postSolution
		SolutionGuid = {626DB93C-502A-43CE-B53F-626121BD8524}
	EndGlobalSection
EndGlobal
